
Microsoft Visual Studio Solution File, Format Version 12.00
# Visual Studio Version 17
VisualStudioVersion = 17.7.34009.444
MinimumVisualStudioVersion = 10.0.40219.1
Project("{9A19103F-16F7-4668-BE54-9A1E7A4F7556}") = "ConsoleUI", "ConsoleUI\ConsoleUI.csproj", "{553723DA-6662-42CB-965D-611192E82DB8}"
EndProject
Project("{9A19103F-16F7-4668-BE54-9A1E7A4F7556}") = "Core", "Core\Core.csproj", "{4E047D4A-6F06-484E-A18D-DF7A06822BB4}"
EndProject
Project("{9A19103F-16F7-4668-BE54-9A1E7A4F7556}") = "DataAccess", "DataAccess\DataAccess.csproj", "{921EFB4D-356F-4929-BFB0-CE98DA844A05}"
EndProject
Project("{9A19103F-16F7-4668-BE54-9A1E7A4F7556}") = "WebAPI", "WebAPI\WebAPI.csproj", "{16AE813E-19FA-4CD5-8B7F-B5CB01C0968D}"
EndProject
Project("{FAE04EC0-301F-11D3-BF4B-00C04F79EFBC}") = "Business", "Business\Business.csproj", "{2B7C52D3-E9F9-4722-90C3-1A6251EC6DFE}"
EndProject
Project("{FAE04EC0-301F-11D3-BF4B-00C04F79EFBC}") = "Entities", "Entities\Entities.csproj", "{E581C643-9C49-434D-830B-A5CC8A47C0A5}"
EndProject
Global
	GlobalSection(SolutionConfigurationPlatforms) = preSolution
		Debug|Any CPU = Debug|Any CPU
		Release|Any CPU = Release|Any CPU
	EndGlobalSection
	GlobalSection(ProjectConfigurationPlatforms) = postSolution
		{553723DA-6662-42CB-965D-611192E82DB8}.Debug|Any CPU.ActiveCfg = Debug|Any CPU
		{553723DA-6662-42CB-965D-611192E82DB8}.Debug|Any CPU.Build.0 = Debug|Any CPU
		{553723DA-6662-42CB-965D-611192E82DB8}.Release|Any CPU.ActiveCfg = Release|Any CPU
		{553723DA-6662-42CB-965D-611192E82DB8}.Release|Any CPU.Build.0 = Release|Any CPU
		{4E047D4A-6F06-484E-A18D-DF7A06822BB4}.Debug|Any CPU.ActiveCfg = Debug|Any CPU
		{4E047D4A-6F06-484E-A18D-DF7A06822BB4}.Debug|Any CPU.Build.0 = Debug|Any CPU
		{4E047D4A-6F06-484E-A18D-DF7A06822BB4}.Release|Any CPU.ActiveCfg = Release|Any CPU
		{4E047D4A-6F06-484E-A18D-DF7A06822BB4}.Release|Any CPU.Build.0 = Release|Any CPU
		{921EFB4D-356F-4929-BFB0-CE98DA844A05}.Debug|Any CPU.ActiveCfg = Debug|Any CPU
		{921EFB4D-356F-4929-BFB0-CE98DA844A05}.Debug|Any CPU.Build.0 = Debug|Any CPU
		{921EFB4D-356F-4929-BFB0-CE98DA844A05}.Release|Any CPU.ActiveCfg = Release|Any CPU
		{921EFB4D-356F-4929-BFB0-CE98DA844A05}.Release|Any CPU.Build.0 = Release|Any CPU
		{16AE813E-19FA-4CD5-8B7F-B5CB01C0968D}.Debug|Any CPU.ActiveCfg = Debug|Any CPU
		{16AE813E-19FA-4CD5-8B7F-B5CB01C0968D}.Debug|Any CPU.Build.0 = Debug|Any CPU
		{16AE813E-19FA-4CD5-8B7F-B5CB01C0968D}.Release|Any CPU.ActiveCfg = Release|Any CPU
		{16AE813E-19FA-4CD5-8B7F-B5CB01C0968D}.Release|Any CPU.Build.0 = Release|Any CPU
		{2B7C52D3-E9F9-4722-90C3-1A6251EC6DFE}.Debug|Any CPU.ActiveCfg = Debug|Any CPU
		{2B7C52D3-E9F9-4722-90C3-1A6251EC6DFE}.Debug|Any CPU.Build.0 = Debug|Any CPU
		{2B7C52D3-E9F9-4722-90C3-1A6251EC6DFE}.Release|Any CPU.ActiveCfg = Release|Any CPU
		{2B7C52D3-E9F9-4722-90C3-1A6251EC6DFE}.Release|Any CPU.Build.0 = Release|Any CPU
		{E581C643-9C49-434D-830B-A5CC8A47C0A5}.Debug|Any CPU.ActiveCfg = Debug|Any CPU
		{E581C643-9C49-434D-830B-A5CC8A47C0A5}.Debug|Any CPU.Build.0 = Debug|Any CPU
		{E581C643-9C49-434D-830B-A5CC8A47C0A5}.Release|Any CPU.ActiveCfg = Release|Any CPU
		{E581C643-9C49-434D-830B-A5CC8A47C0A5}.Release|Any CPU.Build.0 = Release|Any CPU
	EndGlobalSection
	GlobalSection(SolutionProperties) = preSolution
		HideSolutionNode = FALSE
	EndGlobalSection
	GlobalSection(ExtensibilityGlobals) = postSolution
		SolutionGuid = {9BCDD088-CA8E-4C23-AEFB-F8154B1CA011}
	EndGlobalSection
EndGlobal
